
Microsoft Visual Studio Solution File, Format Version 12.00
# Visual Studio 15
VisualStudioVersion = 15.0.27428.2005
MinimumVisualStudioVersion = 10.0.40219.1
Project("{FAE04EC0-301F-11D3-BF4B-00C04F79EFBC}") = "PackageHierarchyViewer", "PackageHierarchyViewer\PackageHierarchyViewer.csproj", "{1E5BB362-AE92-46F8-B9E5-C6755DAF5310}"
EndProject
Global
	GlobalSection(SolutionConfigurationPlatforms) = preSolution
		Debug|Any CPU = Debug|Any CPU
		Release|Any CPU = Release|Any CPU
	EndGlobalSection
	GlobalSection(ProjectConfigurationPlatforms) = postSolution
		{1E5BB362-AE92-46F8-B9E5-C6755DAF5310}.Debug|Any CPU.ActiveCfg = Debug|Any CPU
		{1E5BB362-AE92-46F8-B9E5-C6755DAF5310}.Debug|Any CPU.Build.0 = Debug|Any CPU
		{1E5BB362-AE92-46F8-B9E5-C6755DAF5310}.Release|Any CPU.ActiveCfg = Release|Any CPU
		{1E5BB362-AE92-46F8-B9E5-C6755DAF5310}.Release|Any CPU.Build.0 = Release|Any CPU
	EndGlobalSection
	GlobalSection(SolutionProperties) = preSolution
		HideSolutionNode = FALSE
	EndGlobalSection
	GlobalSection(ExtensibilityGlobals) = postSolution
		SolutionGuid = {53795C48-2B0A-4391-A8DA-18B314C05A01}
	EndGlobalSection
EndGlobal
